
Microsoft Visual Studio Solution File, Format Version 12.00
Project("{FAE04EC0-301F-11D3-BF4B-00C04F79EFBC}") = "Marble.Core", "Marble.Core\Marble.Core.csproj", "{57AAF669-3A50-414D-BECA-10E12D328D75}"
EndProject
Project("{FAE04EC0-301F-11D3-BF4B-00C04F79EFBC}") = "Marble.Core.Tests", "Marble.Core.Tests\Marble.Core.Tests.csproj", "{97C07160-CDA2-43C6-8F22-DC8FB07603A3}"
EndProject
Project("{FAE04EC0-301F-11D3-BF4B-00C04F79EFBC}") = "Marble.Sandbox", "Marble.Sandbox\Marble.Sandbox.csproj", "{E440B059-9C65-461F-B9FB-FE3F8E4617AE}"
EndProject
Project("{FAE04EC0-301F-11D3-BF4B-00C04F79EFBC}") = "Marble.SandboxAPI", "Marble.SandboxAPI\Marble.SandboxAPI.csproj", "{EBD293A6-164E-453E-A4F8-4FEED1208F44}"
EndProject
Project("{FAE04EC0-301F-11D3-BF4B-00C04F79EFBC}") = "Marble.Messaging.Rabbit", "Marble.Messaging.Rabbit\Marble.Messaging.Rabbit.csproj", "{4976E215-CF2B-4FBA-A80F-8D7041C6F097}"
EndProject
Project("{FAE04EC0-301F-11D3-BF4B-00C04F79EFBC}") = "Marble.Messaging.Rabbit.Tests", "Marble.Messaging.Rabbit.Tests\Marble.Messaging.Rabbit.Tests.csproj", "{49DF38CE-3A0F-4899-94DA-9768FC57F54D}"
EndProject
Project("{FAE04EC0-301F-11D3-BF4B-00C04F79EFBC}") = "Marble.Utilities", "Marble.Utilities\Marble.Utilities.csproj", "{52AEB360-D588-460C-BC90-DDDFA4CBAFC4}"
EndProject
Project("{FAE04EC0-301F-11D3-BF4B-00C04F79EFBC}") = "Marble.Utilities.Tests", "Marble.Utilities.Tests\Marble.Utilities.Tests.csproj", "{4093C394-3A96-4B43-8D4E-7EF3EBDDC003}"
EndProject
Project("{FAE04EC0-301F-11D3-BF4B-00C04F79EFBC}") = "Marble.Sandbox.Contracts", "Marble.Sandbox.Contracts\Marble.Sandbox.Contracts.csproj", "{81DFBA9B-E28F-4E92-BFD1-B8372B6B53CA}"
EndProject
Project("{FAE04EC0-301F-11D3-BF4B-00C04F79EFBC}") = "Marble.Messaging", "Marble.Messaging\Marble.Messaging.csproj", "{F7176D83-1DE4-4AF6-93C9-CC6D5CDCDE95}"
EndProject
Project("{FAE04EC0-301F-11D3-BF4B-00C04F79EFBC}") = "Marble.Messaging.Contracts", "Marble.Messaging.Contracts\Marble.Messaging.Contracts.csproj", "{5830E371-75E2-4465-8891-FBFB6798CC1A}"
EndProject
Project("{2150E333-8FDC-42A3-9474-1A3956D46DE8}") = "Core", "Core", "{D7B99006-DBCA-4E33-B773-653643E6C55B}"
EndProject
Project("{2150E333-8FDC-42A3-9474-1A3956D46DE8}") = "Messaging", "Messaging", "{A815B623-5B78-4C83-B5A6-5FAA8CCC9058}"
EndProject
Project("{2150E333-8FDC-42A3-9474-1A3956D46DE8}") = "Sandbox", "Sandbox", "{D6269337-9AA5-4BDE-A3D9-D78BE2AEEF33}"
EndProject
Project("{2150E333-8FDC-42A3-9474-1A3956D46DE8}") = "Utilities", "Utilities", "{B7B3F2E4-D14F-4A92-8D41-39B1A5E431DC}"
EndProject
Global
	GlobalSection(SolutionConfigurationPlatforms) = preSolution
		Debug|Any CPU = Debug|Any CPU
		Release|Any CPU = Release|Any CPU
	EndGlobalSection
	GlobalSection(ProjectConfigurationPlatforms) = postSolution
		{57AAF669-3A50-414D-BECA-10E12D328D75}.Debug|Any CPU.ActiveCfg = Debug|Any CPU
		{57AAF669-3A50-414D-BECA-10E12D328D75}.Debug|Any CPU.Build.0 = Debug|Any CPU
		{57AAF669-3A50-414D-BECA-10E12D328D75}.Release|Any CPU.ActiveCfg = Release|Any CPU
		{57AAF669-3A50-414D-BECA-10E12D328D75}.Release|Any CPU.Build.0 = Release|Any CPU
		{97C07160-CDA2-43C6-8F22-DC8FB07603A3}.Debug|Any CPU.ActiveCfg = Debug|Any CPU
		{97C07160-CDA2-43C6-8F22-DC8FB07603A3}.Debug|Any CPU.Build.0 = Debug|Any CPU
		{97C07160-CDA2-43C6-8F22-DC8FB07603A3}.Release|Any CPU.ActiveCfg = Release|Any CPU
		{97C07160-CDA2-43C6-8F22-DC8FB07603A3}.Release|Any CPU.Build.0 = Release|Any CPU
		{E440B059-9C65-461F-B9FB-FE3F8E4617AE}.Debug|Any CPU.ActiveCfg = Debug|Any CPU
		{E440B059-9C65-461F-B9FB-FE3F8E4617AE}.Debug|Any CPU.Build.0 = Debug|Any CPU
		{E440B059-9C65-461F-B9FB-FE3F8E4617AE}.Release|Any CPU.ActiveCfg = Release|Any CPU
		{E440B059-9C65-461F-B9FB-FE3F8E4617AE}.Release|Any CPU.Build.0 = Release|Any CPU
		{EBD293A6-164E-453E-A4F8-4FEED1208F44}.Debug|Any CPU.ActiveCfg = Debug|Any CPU
		{EBD293A6-164E-453E-A4F8-4FEED1208F44}.Debug|Any CPU.Build.0 = Debug|Any CPU
		{EBD293A6-164E-453E-A4F8-4FEED1208F44}.Release|Any CPU.ActiveCfg = Release|Any CPU
		{EBD293A6-164E-453E-A4F8-4FEED1208F44}.Release|Any CPU.Build.0 = Release|Any CPU
		{4976E215-CF2B-4FBA-A80F-8D7041C6F097}.Debug|Any CPU.ActiveCfg = Debug|Any CPU
		{4976E215-CF2B-4FBA-A80F-8D7041C6F097}.Debug|Any CPU.Build.0 = Debug|Any CPU
		{4976E215-CF2B-4FBA-A80F-8D7041C6F097}.Release|Any CPU.ActiveCfg = Release|Any CPU
		{4976E215-CF2B-4FBA-A80F-8D7041C6F097}.Release|Any CPU.Build.0 = Release|Any CPU
		{49DF38CE-3A0F-4899-94DA-9768FC57F54D}.Debug|Any CPU.ActiveCfg = Debug|Any CPU
		{49DF38CE-3A0F-4899-94DA-9768FC57F54D}.Debug|Any CPU.Build.0 = Debug|Any CPU
		{49DF38CE-3A0F-4899-94DA-9768FC57F54D}.Release|Any CPU.ActiveCfg = Release|Any CPU
		{49DF38CE-3A0F-4899-94DA-9768FC57F54D}.Release|Any CPU.Build.0 = Release|Any CPU
		{52AEB360-D588-460C-BC90-DDDFA4CBAFC4}.Debug|Any CPU.ActiveCfg = Debug|Any CPU
		{52AEB360-D588-460C-BC90-DDDFA4CBAFC4}.Debug|Any CPU.Build.0 = Debug|Any CPU
		{52AEB360-D588-460C-BC90-DDDFA4CBAFC4}.Release|Any CPU.ActiveCfg = Release|Any CPU
		{52AEB360-D588-460C-BC90-DDDFA4CBAFC4}.Release|Any CPU.Build.0 = Release|Any CPU
		{4093C394-3A96-4B43-8D4E-7EF3EBDDC003}.Debug|Any CPU.ActiveCfg = Debug|Any CPU
		{4093C394-3A96-4B43-8D4E-7EF3EBDDC003}.Debug|Any CPU.Build.0 = Debug|Any CPU
		{4093C394-3A96-4B43-8D4E-7EF3EBDDC003}.Release|Any CPU.ActiveCfg = Release|Any CPU
		{4093C394-3A96-4B43-8D4E-7EF3EBDDC003}.Release|Any CPU.Build.0 = Release|Any CPU
		{81DFBA9B-E28F-4E92-BFD1-B8372B6B53CA}.Debug|Any CPU.ActiveCfg = Debug|Any CPU
		{81DFBA9B-E28F-4E92-BFD1-B8372B6B53CA}.Debug|Any CPU.Build.0 = Debug|Any CPU
		{81DFBA9B-E28F-4E92-BFD1-B8372B6B53CA}.Release|Any CPU.ActiveCfg = Release|Any CPU
		{81DFBA9B-E28F-4E92-BFD1-B8372B6B53CA}.Release|Any CPU.Build.0 = Release|Any CPU
		{F7176D83-1DE4-4AF6-93C9-CC6D5CDCDE95}.Debug|Any CPU.ActiveCfg = Debug|Any CPU
		{F7176D83-1DE4-4AF6-93C9-CC6D5CDCDE95}.Debug|Any CPU.Build.0 = Debug|Any CPU
		{F7176D83-1DE4-4AF6-93C9-CC6D5CDCDE95}.Release|Any CPU.ActiveCfg = Release|Any CPU
		{F7176D83-1DE4-4AF6-93C9-CC6D5CDCDE95}.Release|Any CPU.Build.0 = Release|Any CPU
		{5830E371-75E2-4465-8891-FBFB6798CC1A}.Debug|Any CPU.ActiveCfg = Debug|Any CPU
		{5830E371-75E2-4465-8891-FBFB6798CC1A}.Debug|Any CPU.Build.0 = Debug|Any CPU
		{5830E371-75E2-4465-8891-FBFB6798CC1A}.Release|Any CPU.ActiveCfg = Release|Any CPU
		{5830E371-75E2-4465-8891-FBFB6798CC1A}.Release|Any CPU.Build.0 = Release|Any CPU
	EndGlobalSection
	GlobalSection(NestedProjects) = preSolution
		{57AAF669-3A50-414D-BECA-10E12D328D75} = {D7B99006-DBCA-4E33-B773-653643E6C55B}
		{97C07160-CDA2-43C6-8F22-DC8FB07603A3} = {D7B99006-DBCA-4E33-B773-653643E6C55B}
		{F7176D83-1DE4-4AF6-93C9-CC6D5CDCDE95} = {A815B623-5B78-4C83-B5A6-5FAA8CCC9058}
		{5830E371-75E2-4465-8891-FBFB6798CC1A} = {A815B623-5B78-4C83-B5A6-5FAA8CCC9058}
		{4976E215-CF2B-4FBA-A80F-8D7041C6F097} = {A815B623-5B78-4C83-B5A6-5FAA8CCC9058}
		{49DF38CE-3A0F-4899-94DA-9768FC57F54D} = {A815B623-5B78-4C83-B5A6-5FAA8CCC9058}
		{E440B059-9C65-461F-B9FB-FE3F8E4617AE} = {D6269337-9AA5-4BDE-A3D9-D78BE2AEEF33}
		{81DFBA9B-E28F-4E92-BFD1-B8372B6B53CA} = {D6269337-9AA5-4BDE-A3D9-D78BE2AEEF33}
		{EBD293A6-164E-453E-A4F8-4FEED1208F44} = {D6269337-9AA5-4BDE-A3D9-D78BE2AEEF33}
		{52AEB360-D588-460C-BC90-DDDFA4CBAFC4} = {B7B3F2E4-D14F-4A92-8D41-39B1A5E431DC}
		{4093C394-3A96-4B43-8D4E-7EF3EBDDC003} = {B7B3F2E4-D14F-4A92-8D41-39B1A5E431DC}
	EndGlobalSection
EndGlobal
